
Microsoft Visual Studio Solution File, Format Version 12.00
# Visual Studio 14
VisualStudioVersion = 14.0.25420.1
MinimumVisualStudioVersion = 10.0.40219.1
Project("{FAE04EC0-301F-11D3-BF4B-00C04F79EFBC}") = "HappyTechSystem", "HappyTechSystem\HappyTechSystem.csproj", "{EE16E933-44B2-475D-BFA9-2CFB062B2FD7}"
EndProject
Project("{F088123C-0E9E-452A-89E6-6BA2F21D5CAC}") = "UML", "UML\UML.modelproj", "{852A82A8-8156-4E6D-9875-8BB6965A90C4}"
EndProject
Project("{FAE04EC0-301F-11D3-BF4B-00C04F79EFBC}") = "Prototyping", "Prototyping\Prototyping.csproj", "{95D6205F-DC96-4CB0-98B7-1AD186E8F243}"
EndProject
Project("{FAE04EC0-301F-11D3-BF4B-00C04F79EFBC}") = "UnitTests", "UnitTests\UnitTests.csproj", "{99D84805-428C-4FDF-B402-9B316B9FDC2D}"
EndProject
Global
	GlobalSection(SolutionConfigurationPlatforms) = preSolution
		Debug|Any CPU = Debug|Any CPU
		Release|Any CPU = Release|Any CPU
	EndGlobalSection
	GlobalSection(ProjectConfigurationPlatforms) = postSolution
		{EE16E933-44B2-475D-BFA9-2CFB062B2FD7}.Debug|Any CPU.ActiveCfg = Debug|Any CPU
		{EE16E933-44B2-475D-BFA9-2CFB062B2FD7}.Debug|Any CPU.Build.0 = Debug|Any CPU
		{EE16E933-44B2-475D-BFA9-2CFB062B2FD7}.Release|Any CPU.ActiveCfg = Release|Any CPU
		{EE16E933-44B2-475D-BFA9-2CFB062B2FD7}.Release|Any CPU.Build.0 = Release|Any CPU
		{852A82A8-8156-4E6D-9875-8BB6965A90C4}.Debug|Any CPU.ActiveCfg = Debug|Any CPU
		{852A82A8-8156-4E6D-9875-8BB6965A90C4}.Debug|Any CPU.Build.0 = Debug|Any CPU
		{852A82A8-8156-4E6D-9875-8BB6965A90C4}.Release|Any CPU.ActiveCfg = Release|Any CPU
		{852A82A8-8156-4E6D-9875-8BB6965A90C4}.Release|Any CPU.Build.0 = Release|Any CPU
		{95D6205F-DC96-4CB0-98B7-1AD186E8F243}.Debug|Any CPU.ActiveCfg = Debug|Any CPU
		{95D6205F-DC96-4CB0-98B7-1AD186E8F243}.Debug|Any CPU.Build.0 = Debug|Any CPU
		{95D6205F-DC96-4CB0-98B7-1AD186E8F243}.Release|Any CPU.ActiveCfg = Release|Any CPU
		{95D6205F-DC96-4CB0-98B7-1AD186E8F243}.Release|Any CPU.Build.0 = Release|Any CPU
		{99D84805-428C-4FDF-B402-9B316B9FDC2D}.Debug|Any CPU.ActiveCfg = Debug|Any CPU
		{99D84805-428C-4FDF-B402-9B316B9FDC2D}.Debug|Any CPU.Build.0 = Debug|Any CPU
		{99D84805-428C-4FDF-B402-9B316B9FDC2D}.Release|Any CPU.ActiveCfg = Release|Any CPU
		{99D84805-428C-4FDF-B402-9B316B9FDC2D}.Release|Any CPU.Build.0 = Release|Any CPU
	EndGlobalSection
	GlobalSection(SolutionProperties) = preSolution
		HideSolutionNode = FALSE
	EndGlobalSection
EndGlobal
